// !$*UTF8*$!
{
	archiveVersion = 1;
	classes = {
	};
	objectVersion = 50;
	objects = {

/* Begin PBXBuildFile section */
		A274204323DC72D6005AD9E0 /* dataBufferPage.swift in Sources */ = {isa = PBXBuildFile; fileRef = A274204223DC72D6005AD9E0 /* dataBufferPage.swift */; };
		A278CB2723D890D60093CBC2 /* ntc.js in Resources */ = {isa = PBXBuildFile; fileRef = A278CB2623D890D60093CBC2 /* ntc.js */; };
		A278CB2923D890EF0093CBC2 /* NameOfColor.swift in Sources */ = {isa = PBXBuildFile; fileRef = A278CB2823D890EF0093CBC2 /* NameOfColor.swift */; };
		A27B380223D5758400898A5D /* AppDelegate.swift in Sources */ = {isa = PBXBuildFile; fileRef = A27B380123D5758400898A5D /* AppDelegate.swift */; };
		A27B380423D5758400898A5D /* SceneDelegate.swift in Sources */ = {isa = PBXBuildFile; fileRef = A27B380323D5758400898A5D /* SceneDelegate.swift */; };
		A27B380623D5758400898A5D /* halfAliveViewController.swift in Sources */ = {isa = PBXBuildFile; fileRef = A27B380523D5758400898A5D /* halfAliveViewController.swift */; };
		A27B380923D5758400898A5D /* Main.storyboard in Resources */ = {isa = PBXBuildFile; fileRef = A27B380723D5758400898A5D /* Main.storyboard */; };
		A27B380B23D5758B00898A5D /* Assets.xcassets in Resources */ = {isa = PBXBuildFile; fileRef = A27B380A23D5758B00898A5D /* Assets.xcassets */; };
		A27B380E23D5758B00898A5D /* LaunchScreen.storyboard in Resources */ = {isa = PBXBuildFile; fileRef = A27B380C23D5758B00898A5D /* LaunchScreen.storyboard */; };
		A27B381823D5783D00898A5D /* liveViewController.swift in Sources */ = {isa = PBXBuildFile; fileRef = A27B381723D5783D00898A5D /* liveViewController.swift */; };
		A27F51F323D76F9D00BAB78D /* sliderViewController.swift in Sources */ = {isa = PBXBuildFile; fileRef = A27F51F223D76F9D00BAB78D /* sliderViewController.swift */; };
/* End PBXBuildFile section */

/* Begin PBXFileReference section */
		A274204223DC72D6005AD9E0 /* dataBufferPage.swift */ = {isa = PBXFileReference; lastKnownFileType = sourcecode.swift; path = dataBufferPage.swift; sourceTree = "<group>"; };
		A278CB2623D890D60093CBC2 /* ntc.js */ = {isa = PBXFileReference; fileEncoding = 4; lastKnownFileType = sourcecode.javascript; path = ntc.js; sourceTree = "<group>"; };
		A278CB2823D890EF0093CBC2 /* NameOfColor.swift */ = {isa = PBXFileReference; fileEncoding = 4; lastKnownFileType = sourcecode.swift; path = NameOfColor.swift; sourceTree = "<group>"; };
		A27B37FE23D5758400898A5D /* colorizer.app */ = {isa = PBXFileReference; explicitFileType = wrapper.application; includeInIndex = 0; path = colorizer.app; sourceTree = BUILT_PRODUCTS_DIR; };
		A27B380123D5758400898A5D /* AppDelegate.swift */ = {isa = PBXFileReference; lastKnownFileType = sourcecode.swift; path = AppDelegate.swift; sourceTree = "<group>"; };
		A27B380323D5758400898A5D /* SceneDelegate.swift */ = {isa = PBXFileReference; lastKnownFileType = sourcecode.swift; path = SceneDelegate.swift; sourceTree = "<group>"; };
		A27B380523D5758400898A5D /* halfAliveViewController.swift */ = {isa = PBXFileReference; lastKnownFileType = sourcecode.swift; path = halfAliveViewController.swift; sourceTree = "<group>"; };
		A27B380823D5758400898A5D /* Base */ = {isa = PBXFileReference; lastKnownFileType = file.storyboard; name = Base; path = Base.lproj/Main.storyboard; sourceTree = "<group>"; };
		A27B380A23D5758B00898A5D /* Assets.xcassets */ = {isa = PBXFileReference; lastKnownFileType = folder.assetcatalog; path = Assets.xcassets; sourceTree = "<group>"; };
		A27B380D23D5758B00898A5D /* Base */ = {isa = PBXFileReference; lastKnownFileType = file.storyboard; name = Base; path = Base.lproj/LaunchScreen.storyboard; sourceTree = "<group>"; };
		A27B380F23D5758B00898A5D /* Info.plist */ = {isa = PBXFileReference; lastKnownFileType = text.plist.xml; path = Info.plist; sourceTree = "<group>"; };
		A27B381723D5783D00898A5D /* liveViewController.swift */ = {isa = PBXFileReference; lastKnownFileType = sourcecode.swift; path = liveViewController.swift; sourceTree = "<group>"; };
		A27F51F223D76F9D00BAB78D /* sliderViewController.swift */ = {isa = PBXFileReference; lastKnownFileType = sourcecode.swift; path = sliderViewController.swift; sourceTree = "<group>"; };
/* End PBXFileReference section */

/* Begin PBXFrameworksBuildPhase section */
		A27B37FB23D5758400898A5D /* Frameworks */ = {
			isa = PBXFrameworksBuildPhase;
			buildActionMask = 2147483647;
			files = (
			);
			runOnlyForDeploymentPostprocessing = 0;
		};
/* End PBXFrameworksBuildPhase section */

/* Begin PBXGroup section */
		A278CB2523D890460093CBC2 /* extra filees */ = {
			isa = PBXGroup;
			children = (
				A278CB2623D890D60093CBC2 /* ntc.js */,
			);
			path = "extra filees";
			sourceTree = "<group>";
		};
		A27B37F523D5758400898A5D = {
			isa = PBXGroup;
			children = (
				A278CB2523D890460093CBC2 /* extra filees */,
				A27B380023D5758400898A5D /* colorizer */,
				A27B37FF23D5758400898A5D /* Products */,
			);
			indentWidth = 0;
			sourceTree = "<group>";
			usesTabs = 0;
		};
		A27B37FF23D5758400898A5D /* Products */ = {
			isa = PBXGroup;
			children = (
				A27B37FE23D5758400898A5D /* colorizer.app */,
			);
			name = Products;
			sourceTree = "<group>";
		};
		A27B380023D5758400898A5D /* colorizer */ = {
			isa = PBXGroup;
			children = (
				A27B380123D5758400898A5D /* AppDelegate.swift */,
				A27B380323D5758400898A5D /* SceneDelegate.swift */,
				A27B380523D5758400898A5D /* halfAliveViewController.swift */,
				A27B380723D5758400898A5D /* Main.storyboard */,
				A27B381723D5783D00898A5D /* liveViewController.swift */,
				A274204223DC72D6005AD9E0 /* dataBufferPage.swift */,
				A27F51F223D76F9D00BAB78D /* sliderViewController.swift */,
				A278CB2823D890EF0093CBC2 /* NameOfColor.swift */,
				A27B380A23D5758B00898A5D /* Assets.xcassets */,
				A27B380C23D5758B00898A5D /* LaunchScreen.storyboard */,
				A27B380F23D5758B00898A5D /* Info.plist */,
			);
			path = colorizer;
			sourceTree = "<group>";
		};
/* End PBXGroup section */

/* Begin PBXNativeTarget section */
		A27B37FD23D5758400898A5D /* colorizer */ = {
			isa = PBXNativeTarget;
			buildConfigurationList = A27B381223D5758B00898A5D /* Build configuration list for PBXNativeTarget "colorizer" */;
			buildPhases = (
				A27B37FA23D5758400898A5D /* Sources */,
				A27B37FB23D5758400898A5D /* Frameworks */,
				A27B37FC23D5758400898A5D /* Resources */,
			);
			buildRules = (
			);
			dependencies = (
			);
			name = colorizer;
			productName = colorizer;
			productReference = A27B37FE23D5758400898A5D /* colorizer.app */;
			productType = "com.apple.product-type.application";
		};
/* End PBXNativeTarget section */

/* Begin PBXProject section */
		A27B37F623D5758400898A5D /* Project object */ = {
			isa = PBXProject;
			attributes = {
				LastSwiftUpdateCheck = 1110;
				LastUpgradeCheck = 1110;
				ORGANIZATIONNAME = Nandan;
				TargetAttributes = {
					A27B37FD23D5758400898A5D = {
						CreatedOnToolsVersion = 11.1;
					};
				};
			};
			buildConfigurationList = A27B37F923D5758400898A5D /* Build configuration list for PBXProject "colorizer" */;
			compatibilityVersion = "Xcode 9.3";
			developmentRegion = en;
			hasScannedForEncodings = 0;
			knownRegions = (
				en,
				Base,
			);
			mainGroup = A27B37F523D5758400898A5D;
			productRefGroup = A27B37FF23D5758400898A5D /* Products */;
			projectDirPath = "";
			projectRoot = "";
			targets = (
				A27B37FD23D5758400898A5D /* colorizer */,
			);
		};
/* End PBXProject section */

/* Begin PBXResourcesBuildPhase section */
		A27B37FC23D5758400898A5D /* Resources */ = {
			isa = PBXResourcesBuildPhase;
			buildActionMask = 2147483647;
			files = (
				A27B380E23D5758B00898A5D /* LaunchScreen.storyboard in Resources */,
				A27B380B23D5758B00898A5D /* Assets.xcassets in Resources */,
				A278CB2723D890D60093CBC2 /* ntc.js in Resources */,
				A27B380923D5758400898A5D /* Main.storyboard in Resources */,
			);
			runOnlyForDeploymentPostprocessing = 0;
		};
/* End PBXResourcesBuildPhase section */

/* Begin PBXSourcesBuildPhase section */
		A27B37FA23D5758400898A5D /* Sources */ = {
			isa = PBXSourcesBuildPhase;
			buildActionMask = 2147483647;
			files = (
				A27B380623D5758400898A5D /* halfAliveViewController.swift in Sources */,
				A278CB2923D890EF0093CBC2 /* NameOfColor.swift in Sources */,
				A27B380223D5758400898A5D /* AppDelegate.swift in Sources */,
				A274204323DC72D6005AD9E0 /* dataBufferPage.swift in Sources */,
				A27F51F323D76F9D00BAB78D /* sliderViewController.swift in Sources */,
				A27B381823D5783D00898A5D /* liveViewController.swift in Sources */,
				A27B380423D5758400898A5D /* SceneDelegate.swift in Sources */,
			);
			runOnlyForDeploymentPostprocessing = 0;
		};
/* End PBXSourcesBuildPhase section */

/* Begin PBXVariantGroup section */
		A27B380723D5758400898A5D /* Main.storyboard */ = {
			isa = PBXVariantGroup;
			children = (
				A27B380823D5758400898A5D /* Base */,
			);
			name = Main.storyboard;
			sourceTree = "<group>";
		};
		A27B380C23D5758B00898A5D /* LaunchScreen.storyboard */ = {
			isa = PBXVariantGroup;
			children = (
				A27B380D23D5758B00898A5D /* Base */,
			);
			name = LaunchScreen.storyboard;
			sourceTree = "<group>";
		};
/* End PBXVariantGroup section */

/* Begin XCBuildConfiguration section */
		A27B381023D5758B00898A5D /* Debug */ = {
			isa = XCBuildConfiguration;
			buildSettings = {
				ALWAYS_SEARCH_USER_PATHS = NO;
				CLANG_ANALYZER_NONNULL = YES;
				CLANG_ANALYZER_NUMBER_OBJECT_CONVERSION = YES_AGGRESSIVE;
				CLANG_CXX_LANGUAGE_STANDARD = "gnu++14";
				CLANG_CXX_LIBRARY = "libc++";
				CLANG_ENABLE_MODULES = YES;
				CLANG_ENABLE_OBJC_ARC = YES;
				CLANG_ENABLE_OBJC_WEAK = YES;
				CLANG_WARN_BLOCK_CAPTURE_AUTORELEASING = YES;
				CLANG_WARN_BOOL_CONVERSION = YES;
				CLANG_WARN_COMMA = YES;
				CLANG_WARN_CONSTANT_CONVERSION = YES;
				CLANG_WARN_DEPRECATED_OBJC_IMPLEMENTATIONS = YES;
				CLANG_WARN_DIRECT_OBJC_ISA_USAGE = YES_ERROR;
				CLANG_WARN_DOCUMENTATION_COMMENTS = YES;
				CLANG_WARN_EMPTY_BODY = YES;
				CLANG_WARN_ENUM_CONVERSION = YES;
				CLANG_WARN_INFINITE_RECURSION = YES;
				CLANG_WARN_INT_CONVERSION = YES;
				CLANG_WARN_NON_LITERAL_NULL_CONVERSION = YES;
				CLANG_WARN_OBJC_IMPLICIT_RETAIN_SELF = YES;
				CLANG_WARN_OBJC_LITERAL_CONVERSION = YES;
				CLANG_WARN_OBJC_ROOT_CLASS = YES_ERROR;
				CLANG_WARN_RANGE_LOOP_ANALYSIS = YES;
				CLANG_WARN_STRICT_PROTOTYPES = YES;
				CLANG_WARN_SUSPICIOUS_MOVE = YES;
				CLANG_WARN_UNGUARDED_AVAILABILITY = YES_AGGRESSIVE;
				CLANG_WARN_UNREACHABLE_CODE = YES;
				CLANG_WARN__DUPLICATE_METHOD_MATCH = YES;
				COPY_PHASE_STRIP = NO;
				DEBUG_INFORMATION_FORMAT = dwarf;
				ENABLE_STRICT_OBJC_MSGSEND = YES;
				ENABLE_TESTABILITY = YES;
				GCC_C_LANGUAGE_STANDARD = gnu11;
				GCC_DYNAMIC_NO_PIC = NO;
				GCC_NO_COMMON_BLOCKS = YES;
				GCC_OPTIMIZATION_LEVEL = 0;
				GCC_PREPROCESSOR_DEFINITIONS = (
					"DEBUG=1",
					"$(inherited)",
				);
				GCC_WARN_64_TO_32_BIT_CONVERSION = YES;
				GCC_WARN_ABOUT_RETURN_TYPE = YES_ERROR;
				GCC_WARN_UNDECLARED_SELECTOR = YES;
				GCC_WARN_UNINITIALIZED_AUTOS = YES_AGGRESSIVE;
				GCC_WARN_UNUSED_FUNCTION = YES;
				GCC_WARN_UNUSED_VARIABLE = YES;
				IPHONEOS_DEPLOYMENT_TARGET = 13.1;
				MTL_ENABLE_DEBUG_INFO = INCLUDE_SOURCE;
				MTL_FAST_MATH = YES;
				ONLY_ACTIVE_ARCH = YES;
				SDKROOT = iphoneos;
				SWIFT_ACTIVE_COMPILATION_CONDITIONS = DEBUG;
				SWIFT_OPTIMIZATION_LEVEL = "-Onone";
			};
			name = Debug;
		};
		A27B381123D5758B00898A5D /* Release */ = {
			isa = XCBuildConfiguration;
			buildSettings = {
				ALWAYS_SEARCH_USER_PATHS = NO;
				CLANG_ANALYZER_NONNULL = YES;
				CLANG_ANALYZER_NUMBER_OBJECT_CONVERSION = YES_AGGRESSIVE;
				CLANG_CXX_LANGUAGE_STANDARD = "gnu++14";
				CLANG_CXX_LIBRARY = "libc++";
				CLANG_ENABLE_MODULES = YES;
				CLANG_ENABLE_OBJC_ARC = YES;
				CLANG_ENABLE_OBJC_WEAK = YES;
				CLANG_WARN_BLOCK_CAPTURE_AUTORELEASING = YES;
				CLANG_WARN_BOOL_CONVERSION = YES;
				CLANG_WARN_COMMA = YES;
				CLANG_WARN_CONSTANT_CONVERSION = YES;
				CLANG_WARN_DEPRECATED_OBJC_IMPLEMENTATIONS = YES;
				CLANG_WARN_DIRECT_OBJC_ISA_USAGE = YES_ERROR;
				CLANG_WARN_DOCUMENTATION_COMMENTS = YES;
				CLANG_WARN_EMPTY_BODY = YES;
				CLANG_WARN_ENUM_CONVERSION = YES;
				CLANG_WARN_INFINITE_RECURSION = YES;
				CLANG_WARN_INT_CONVERSION = YES;
				CLANG_WARN_NON_LITERAL_NULL_CONVERSION = YES;
				CLANG_WARN_OBJC_IMPLICIT_RETAIN_SELF = YES;
				CLANG_WARN_OBJC_LITERAL_CONVERSION = YES;
				CLANG_WARN_OBJC_ROOT_CLASS = YES_ERROR;
				CLANG_WARN_RANGE_LOOP_ANALYSIS = YES;
				CLANG_WARN_STRICT_PROTOTYPES = YES;
				CLANG_WARN_SUSPICIOUS_MOVE = YES;
				CLANG_WARN_UNGUARDED_AVAILABILITY = YES_AGGRESSIVE;
				CLANG_WARN_UNREACHABLE_CODE = YES;
				CLANG_WARN__DUPLICATE_METHOD_MATCH = YES;
				COPY_PHASE_STRIP = NO;
				DEBUG_INFORMATION_FORMAT = "dwarf-with-dsym";
				ENABLE_NS_ASSERTIONS = NO;
				ENABLE_STRICT_OBJC_MSGSEND = YES;
				GCC_C_LANGUAGE_STANDARD = gnu11;
				GCC_NO_COMMON_BLOCKS = YES;
				GCC_WARN_64_TO_32_BIT_CONVERSION = YES;
				GCC_WARN_ABOUT_RETURN_TYPE = YES_ERROR;
				GCC_WARN_UNDECLARED_SELECTOR = YES;
				GCC_WARN_UNINITIALIZED_AUTOS = YES_AGGRESSIVE;
				GCC_WARN_UNUSED_FUNCTION = YES;
				GCC_WARN_UNUSED_VARIABLE = YES;
				IPHONEOS_DEPLOYMENT_TARGET = 13.1;
				MTL_ENABLE_DEBUG_INFO = NO;
				MTL_FAST_MATH = YES;
				SDKROOT = iphoneos;
				SWIFT_COMPILATION_MODE = wholemodule;
				SWIFT_OPTIMIZATION_LEVEL = "-O";
				VALIDATE_PRODUCT = YES;
			};
			name = Release;
		};
		A27B381323D5758B00898A5D /* Debug */ = {
			isa = XCBuildConfiguration;
			buildSettings = {
				ASSETCATALOG_COMPILER_APPICON_NAME = AppIcon;
				CODE_SIGN_STYLE = Automatic;
				INFOPLIST_FILE = colorizer/Info.plist;
				LD_RUNPATH_SEARCH_PATHS = (
					"$(inherited)",
					"@executable_path/Frameworks",
				);
				PRODUCT_BUNDLE_IDENTIFIER = s.colorizer;
				PRODUCT_NAME = "$(TARGET_NAME)";
				SWIFT_VERSION = 5.0;
				TARGETED_DEVICE_FAMILY = "1,2";
			};
			name = Debug;
		};
		A27B381423D5758B00898A5D /* Release */ = {
			isa = XCBuildConfiguration;
			buildSettings = {
				ASSETCATALOG_COMPILER_APPICON_NAME = AppIcon;
				CODE_SIGN_STYLE = Automatic;
				INFOPLIST_FILE = colorizer/Info.plist;
				LD_RUNPATH_SEARCH_PATHS = (
					"$(inherited)",
					"@executable_path/Frameworks",
				);
				PRODUCT_BUNDLE_IDENTIFIER = s.colorizer;
				PRODUCT_NAME = "$(TARGET_NAME)";
				SWIFT_VERSION = 5.0;
				TARGETED_DEVICE_FAMILY = "1,2";
			};
			name = Release;
		};
/* End XCBuildConfiguration section */

/* Begin XCConfigurationList section */
		A27B37F923D5758400898A5D /* Build configuration list for PBXProject "colorizer" */ = {
			isa = XCConfigurationList;
			buildConfigurations = (
				A27B381023D5758B00898A5D /* Debug */,
				A27B381123D5758B00898A5D /* Release */,
			);
			defaultConfigurationIsVisible = 0;
			defaultConfigurationName = Release;
		};
		A27B381223D5758B00898A5D /* Build configuration list for PBXNativeTarget "colorizer" */ = {
			isa = XCConfigurationList;
			buildConfigurations = (
				A27B381323D5758B00898A5D /* Debug */,
				A27B381423D5758B00898A5D /* Release */,
			);
			defaultConfigurationIsVisible = 0;
			defaultConfigurationName = Release;
		};
/* End XCConfigurationList section */
	};
	rootObject = A27B37F623D5758400898A5D /* Project object */;
}
